
Microsoft Visual Studio Solution File, Format Version 12.00
# Visual Studio Version 17
VisualStudioVersion = 17.9.34723.18
MinimumVisualStudioVersion = 10.0.40219.1
Project("{FAE04EC0-301F-11D3-BF4B-00C04F79EFBC}") = "ClassWork", "ClassWork\ClassWork.csproj", "{89338C4C-C9DB-4AD5-99EC-E51F107FB8B6}"
EndProject
Project("{FAE04EC0-301F-11D3-BF4B-00C04F79EFBC}") = "Derevya", "Derevya\Derevya.csproj", "{267BE7E9-7918-4D94-9A35-3606A5F683F3}"
EndProject
Project("{FAE04EC0-301F-11D3-BF4B-00C04F79EFBC}") = "Lesson33.2Derevya", "Lesson33.2Derevya\Lesson33.2Derevya.csproj", "{CD8CADC9-1D74-4967-A834-F058D5616D83}"
EndProject
Global
	GlobalSection(SolutionConfigurationPlatforms) = preSolution
		Debug|Any CPU = Debug|Any CPU
		Release|Any CPU = Release|Any CPU
	EndGlobalSection
	GlobalSection(ProjectConfigurationPlatforms) = postSolution
		{89338C4C-C9DB-4AD5-99EC-E51F107FB8B6}.Debug|Any CPU.ActiveCfg = Debug|Any CPU
		{89338C4C-C9DB-4AD5-99EC-E51F107FB8B6}.Debug|Any CPU.Build.0 = Debug|Any CPU
		{89338C4C-C9DB-4AD5-99EC-E51F107FB8B6}.Release|Any CPU.ActiveCfg = Release|Any CPU
		{89338C4C-C9DB-4AD5-99EC-E51F107FB8B6}.Release|Any CPU.Build.0 = Release|Any CPU
		{267BE7E9-7918-4D94-9A35-3606A5F683F3}.Debug|Any CPU.ActiveCfg = Debug|Any CPU
		{267BE7E9-7918-4D94-9A35-3606A5F683F3}.Debug|Any CPU.Build.0 = Debug|Any CPU
		{267BE7E9-7918-4D94-9A35-3606A5F683F3}.Release|Any CPU.ActiveCfg = Release|Any CPU
		{267BE7E9-7918-4D94-9A35-3606A5F683F3}.Release|Any CPU.Build.0 = Release|Any CPU
		{CD8CADC9-1D74-4967-A834-F058D5616D83}.Debug|Any CPU.ActiveCfg = Debug|Any CPU
		{CD8CADC9-1D74-4967-A834-F058D5616D83}.Debug|Any CPU.Build.0 = Debug|Any CPU
		{CD8CADC9-1D74-4967-A834-F058D5616D83}.Release|Any CPU.ActiveCfg = Release|Any CPU
		{CD8CADC9-1D74-4967-A834-F058D5616D83}.Release|Any CPU.Build.0 = Release|Any CPU
	EndGlobalSection
	GlobalSection(SolutionProperties) = preSolution
		HideSolutionNode = FALSE
	EndGlobalSection
	GlobalSection(ExtensibilityGlobals) = postSolution
		SolutionGuid = {58FCD156-1BEC-4C04-971F-3BFF7343E9DF}
	EndGlobalSection
EndGlobal
